
Microsoft Visual Studio Solution File, Format Version 12.00
# Visual Studio Version 17
VisualStudioVersion = 17.9.34902.65
MinimumVisualStudioVersion = 10.0.40219.1
Project("{FAE04EC0-301F-11D3-BF4B-00C04F79EFBC}") = "EmployeeDetails", "EmployeeDetails\EmployeeDetails.csproj", "{FABB1AC9-3D84-4183-B773-7304A3B5363A}"
EndProject
Global
	GlobalSection(SolutionConfigurationPlatforms) = preSolution
		Debug|Any CPU = Debug|Any CPU
		Release|Any CPU = Release|Any CPU
	EndGlobalSection
	GlobalSection(ProjectConfigurationPlatforms) = postSolution
		{FABB1AC9-3D84-4183-B773-7304A3B5363A}.Debug|Any CPU.ActiveCfg = Debug|Any CPU
		{FABB1AC9-3D84-4183-B773-7304A3B5363A}.Debug|Any CPU.Build.0 = Debug|Any CPU
		{FABB1AC9-3D84-4183-B773-7304A3B5363A}.Release|Any CPU.ActiveCfg = Release|Any CPU
		{FABB1AC9-3D84-4183-B773-7304A3B5363A}.Release|Any CPU.Build.0 = Release|Any CPU
	EndGlobalSection
	GlobalSection(SolutionProperties) = preSolution
		HideSolutionNode = FALSE
	EndGlobalSection
	GlobalSection(ExtensibilityGlobals) = postSolution
		SolutionGuid = {2CD18D1A-D332-4834-ACE3-4F9EB3C269F3}
	EndGlobalSection
EndGlobal
